
Microsoft Visual Studio Solution File, Format Version 12.00
# Visual Studio Version 16
VisualStudioVersion = 16.0.32126.315
MinimumVisualStudioVersion = 10.0.40219.1
Project("{FAE04EC0-301F-11D3-BF4B-00C04F79EFBC}") = "MvcProjeKampi", "MvcProjeKampi\MvcProjeKampi.csproj", "{C8313C9A-1CC9-497D-8A94-CC81FCE296A1}"
EndProject
Project("{FAE04EC0-301F-11D3-BF4B-00C04F79EFBC}") = "EntityLayer", "EntityLayer\EntityLayer.csproj", "{61F6BCBE-60D1-4DDD-8A1A-E6F31998C8CA}"
EndProject
Project("{FAE04EC0-301F-11D3-BF4B-00C04F79EFBC}") = "DataAccessLayer", "DataAccessLayer\DataAccessLayer.csproj", "{233E87CF-553B-4F6B-8927-884022C7F1E4}"
EndProject
Project("{FAE04EC0-301F-11D3-BF4B-00C04F79EFBC}") = "BusinessLayer", "BusinessLayer\BusinessLayer.csproj", "{301D00FD-6527-4932-953E-4E22EEB6F22F}"
EndProject
Global
	GlobalSection(SolutionConfigurationPlatforms) = preSolution
		Debug|Any CPU = Debug|Any CPU
		Release|Any CPU = Release|Any CPU
	EndGlobalSection
	GlobalSection(ProjectConfigurationPlatforms) = postSolution
		{C8313C9A-1CC9-497D-8A94-CC81FCE296A1}.Debug|Any CPU.ActiveCfg = Debug|Any CPU
		{C8313C9A-1CC9-497D-8A94-CC81FCE296A1}.Debug|Any CPU.Build.0 = Debug|Any CPU
		{C8313C9A-1CC9-497D-8A94-CC81FCE296A1}.Release|Any CPU.ActiveCfg = Release|Any CPU
		{C8313C9A-1CC9-497D-8A94-CC81FCE296A1}.Release|Any CPU.Build.0 = Release|Any CPU
		{61F6BCBE-60D1-4DDD-8A1A-E6F31998C8CA}.Debug|Any CPU.ActiveCfg = Debug|Any CPU
		{61F6BCBE-60D1-4DDD-8A1A-E6F31998C8CA}.Debug|Any CPU.Build.0 = Debug|Any CPU
		{61F6BCBE-60D1-4DDD-8A1A-E6F31998C8CA}.Release|Any CPU.ActiveCfg = Release|Any CPU
		{61F6BCBE-60D1-4DDD-8A1A-E6F31998C8CA}.Release|Any CPU.Build.0 = Release|Any CPU
		{233E87CF-553B-4F6B-8927-884022C7F1E4}.Debug|Any CPU.ActiveCfg = Debug|Any CPU
		{233E87CF-553B-4F6B-8927-884022C7F1E4}.Debug|Any CPU.Build.0 = Debug|Any CPU
		{233E87CF-553B-4F6B-8927-884022C7F1E4}.Release|Any CPU.ActiveCfg = Release|Any CPU
		{233E87CF-553B-4F6B-8927-884022C7F1E4}.Release|Any CPU.Build.0 = Release|Any CPU
		{301D00FD-6527-4932-953E-4E22EEB6F22F}.Debug|Any CPU.ActiveCfg = Debug|Any CPU
		{301D00FD-6527-4932-953E-4E22EEB6F22F}.Debug|Any CPU.Build.0 = Debug|Any CPU
		{301D00FD-6527-4932-953E-4E22EEB6F22F}.Release|Any CPU.ActiveCfg = Release|Any CPU
		{301D00FD-6527-4932-953E-4E22EEB6F22F}.Release|Any CPU.Build.0 = Release|Any CPU
	EndGlobalSection
	GlobalSection(SolutionProperties) = preSolution
		HideSolutionNode = FALSE
	EndGlobalSection
	GlobalSection(ExtensibilityGlobals) = postSolution
		SolutionGuid = {E3818377-FBE1-4FC7-AA92-5A7152C15475}
	EndGlobalSection
EndGlobal
